<?xml version="1.0" encoding="utf-8"?>
<Project ToolsVersion="4.0" xmlns="http://schemas.microsoft.com/developer/msbuild/2003">
  <ItemGroup>
    <ClInclude Include="Window.h">
      <Filter>00.Main</Filter>
    </ClInclude>
    <ClInclude Include="pch.h">
      <Filter>99.Headers</Filter>
    </ClInclude>
    <ClInclude Include="Enums.h">
      <Filter>99.Headers</Filter>
    </ClInclude>
    <ClInclude Include="Types.h">
      <Filter>99.Headers</Filter>
    </ClInclude>
    <ClInclude Include="Defines.h">
      <Filter>99.Headers</Filter>
    </ClInclude>
    <ClInclude Include="Game.h">
      <Filter>00.Main</Filter>
    </ClInclude>
    <ClInclude Include="InputManager.h">
      <Filter>01.Manager</Filter>
    </ClInclude>
    <ClInclude Include="TimeManager.h">
      <Filter>01.Manager</Filter>
    </ClInclude>
    <ClInclude Include="Utils.h">
      <Filter>99.Headers</Filter>
    </ClInclude>
    <ClInclude Include="Scene.h">
      <Filter>02.Scene</Filter>
    </ClInclude>
    <ClInclude Include="SceneManager.h">
      <Filter>01.Manager</Filter>
    </ClInclude>
  </ItemGroup>
  <ItemGroup>
    <ClCompile Include="Main.cpp">
      <Filter>00.Main</Filter>
    </ClCompile>
    <ClCompile Include="pch.cpp">
      <Filter>99.Headers</Filter>
    </ClCompile>
    <ClCompile Include="Game.cpp">
      <Filter>00.Main</Filter>
    </ClCompile>
    <ClCompile Include="InputManager.cpp">
      <Filter>01.Manager</Filter>
    </ClCompile>
    <ClCompile Include="TimeManager.cpp">
      <Filter>01.Manager</Filter>
    </ClCompile>
    <ClCompile Include="Utils.cpp">
      <Filter>99.Headers</Filter>
    </ClCompile>
    <ClCompile Include="Scene.cpp">
      <Filter>02.Scene</Filter>
    </ClCompile>
    <ClCompile Include="SceneManager.cpp">
      <Filter>01.Manager</Filter>
    </ClCompile>
  </ItemGroup>
  <ItemGroup>
    <Filter Include="00.Main">
      <UniqueIdentifier>{bc7a22a0-b51d-4a1e-91c2-5f9e9468688a}</UniqueIdentifier>
    </Filter>
    <Filter Include="01.Manager">
      <UniqueIdentifier>{ebb943ec-4316-40bb-8298-99e191530481}</UniqueIdentifier>
    </Filter>
    <Filter Include="99.Headers">
      <UniqueIdentifier>{a7ae94eb-444a-4d80-8c9a-414d61998839}</UniqueIdentifier>
    </Filter>
    <Filter Include="02.Scene">
      <UniqueIdentifier>{e078ae37-4365-4928-90c9-3497de239ac4}</UniqueIdentifier>
    </Filter>
    <Filter Include="03.Objects">
      <UniqueIdentifier>{e3b5c1a1-e1e6-47c5-9657-8962f782f793}</UniqueIdentifier>
    </Filter>
  </ItemGroup>
</Project>